{
  "name": "ajs-package-test",
  "version": "1.0.0",
  "lockfileVersion": 1,
  "requires": true,
  "dependencies": {
    "@polinavylizhanina/ajs-platform": {
      "version": "1.0.0",
      "resolved": "https://npm.pkg.github.com/download/@polinavylizhanina/ajs-platform/1.0.0/2507bf99919f52dcfd48c015fa90f9aeb5d07b884c304697559a1214617073a4",
      "integrity": "sha512-2yJuHZkCYgh9ra9nkETd+R1W4EntNo0vaQYuc7wdfZx3cAU6o3SFCtHycHJOcmWjRUbKI83W7wr+gnaG/wnYEA=="
    }
  }
}
